
Microsoft Visual Studio Solution File, Format Version 12.00
# Visual Studio Version 17
VisualStudioVersion = 17.0.31903.59
MinimumVisualStudioVersion = 10.0.40219.1
Project("{2150E333-8FDC-42A3-9474-1A3956D46DE8}") = "BuildingBlocks", "BuildingBlocks", "{7266C4A9-E384-DC00-0EB6-47F6002CFBA7}"
EndProject
Project("{FAE04EC0-301F-11D3-BF4B-00C04F79EFBC}") = "Kernel", "BuildingBlocks\Kernel\Kernel.csproj", "{894CD0D1-420B-434D-B7A2-F679406C9A5E}"
EndProject
Project("{FAE04EC0-301F-11D3-BF4B-00C04F79EFBC}") = "Abstractions", "BuildingBlocks\Abstractions\Abstractions.csproj", "{F350F87E-CECE-4742-B31E-E10586C45D65}"
EndProject
Project("{FAE04EC0-301F-11D3-BF4B-00C04F79EFBC}") = "Caching", "BuildingBlocks\Caching\Caching.csproj", "{A874FC4B-ECE9-450D-905C-B51A35EA3C7F}"
EndProject
Project("{FAE04EC0-301F-11D3-BF4B-00C04F79EFBC}") = "EntityFramework", "BuildingBlocks\EntityFramework\EntityFramework.csproj", "{A5A2BF5F-6803-4E5A-8882-1FBB6CBE4560}"
EndProject
Project("{2150E333-8FDC-42A3-9474-1A3956D46DE8}") = "Modules", "Modules", "{CA253913-39DE-BFD0-C9A3-4B7EC6FBDF17}"
EndProject
Project("{2150E333-8FDC-42A3-9474-1A3956D46DE8}") = "UserAccess", "UserAccess", "{BC1C386A-CB90-88E7-BDCE-96282D8F538C}"
EndProject
Project("{FAE04EC0-301F-11D3-BF4B-00C04F79EFBC}") = "WePlayRises.UserAccess.Domain", "Modules\UserAccess\WePlayRises.UserAccess.Domain\WePlayRises.UserAccess.Domain.csproj", "{7167DA74-F3EC-4CE2-A488-43E3AC2B84C9}"
EndProject
Project("{FAE04EC0-301F-11D3-BF4B-00C04F79EFBC}") = "WePlayRises.UserAccess.Application", "Modules\UserAccess\WePlayRises.UserAccess.Application\WePlayRises.UserAccess.Application.csproj", "{918BBF64-2A4E-4A73-A332-CBDF4C3E7321}"
EndProject
Project("{FAE04EC0-301F-11D3-BF4B-00C04F79EFBC}") = "WePlayRises.UserAccess.Infra", "Modules\UserAccess\WePlayRises.UserAccess.Infra\WePlayRises.UserAccess.Infra.csproj", "{236CEDC4-8963-4366-91C7-D37CB2CD3CA2}"
EndProject
Project("{FAE04EC0-301F-11D3-BF4B-00C04F79EFBC}") = "WePlayRises.UserAccess.WebApi", "Modules\UserAccess\WePlayRises.UserAccess.WebApi\WePlayRises.UserAccess.WebApi.csproj", "{C884BC07-A3CB-4BA3-A6C6-D3E740FA2050}"
EndProject
Project("{2150E333-8FDC-42A3-9474-1A3956D46DE8}") = "Crowdfunding", "Crowdfunding", "{425BEAA6-092D-A12C-642A-EAB919081DD4}"
EndProject
Project("{FAE04EC0-301F-11D3-BF4B-00C04F79EFBC}") = "WePlayRises.Crowdfunding.Domain", "Modules\Crowdfunding\WePlayRises.Crowdfunding.Domain\WePlayRises.Crowdfunding.Domain.csproj", "{9ADBFEEB-0481-4675-AE1C-56516D33EEA1}"
EndProject
Project("{FAE04EC0-301F-11D3-BF4B-00C04F79EFBC}") = "WePlayRises.Crowdfunding.Application", "Modules\Crowdfunding\WePlayRises.Crowdfunding.Application\WePlayRises.Crowdfunding.Application.csproj", "{AAD5C391-DCA6-426A-852B-4B30FDEBA4AD}"
EndProject
Project("{FAE04EC0-301F-11D3-BF4B-00C04F79EFBC}") = "WePlayRises.Crowdfunding.Infra", "Modules\Crowdfunding\WePlayRises.Crowdfunding.Infra\WePlayRises.Crowdfunding.Infra.csproj", "{0BD1B91A-DB42-4A87-8495-89F1636B99A6}"
EndProject
Project("{FAE04EC0-301F-11D3-BF4B-00C04F79EFBC}") = "WePlayRises.Crowdfunding.WebApi", "Modules\Crowdfunding\WePlayRises.Crowdfunding.WebApi\WePlayRises.Crowdfunding.WebApi.csproj", "{B1BEA329-33FA-4F48-9B18-ED2564DF730D}"
EndProject
Project("{2150E333-8FDC-42A3-9474-1A3956D46DE8}") = "WebApi", "WebApi", "{6EDC7094-E22D-CF10-605B-B42C7FB8B0A8}"
EndProject
Project("{FAE04EC0-301F-11D3-BF4B-00C04F79EFBC}") = "WePlayRises.WebApi", "WebApi\WePlayRises.WebApi.csproj", "{F26485B0-4345-461E-963F-98C931027D93}"
EndProject
Project("{2150E333-8FDC-42A3-9474-1A3956D46DE8}") = "Core", "Core", "{23B93FEB-B5A8-2F15-2A8E-118B2D8EDDD3}"
EndProject
Project("{FAE04EC0-301F-11D3-BF4B-00C04F79EFBC}") = "WePlayRises.Core.Domain", "Modules\Core\WePlayRises.Core.Domain\WePlayRises.Core.Domain.csproj", "{1B64E2E8-344A-4EB6-9F60-1AF0C931515D}"
EndProject
Project("{FAE04EC0-301F-11D3-BF4B-00C04F79EFBC}") = "WePlayRises.Core.Application", "Modules\Core\WePlayRises.Core.Application\WePlayRises.Core.Application.csproj", "{AA604D0A-71CB-4CB8-A427-7FB3E3D72515}"
EndProject
Project("{FAE04EC0-301F-11D3-BF4B-00C04F79EFBC}") = "WePlayRises.Core.Infra", "Modules\Core\WePlayRises.Core.Infra\WePlayRises.Core.Infra.csproj", "{CC3AE589-07CC-4268-ACEF-60DA2BF92B55}"
EndProject
Project("{FAE04EC0-301F-11D3-BF4B-00C04F79EFBC}") = "WePlayRises.Core.WebApi", "Modules\Core\WePlayRises.Core.WebApi\WePlayRises.Core.WebApi.csproj", "{88472500-F487-4FD4-BBCC-956933292733}"
EndProject
Project("{FAE04EC0-301F-11D3-BF4B-00C04F79EFBC}") = "WePlayRises.Crowdsourcing.Domain", "Modules\Crowdsourcing\WePlayRises.Crowdsourcing.Domain\WePlayRises.Crowdsourcing.Domain.csproj", "{A9E0C38E-91ED-4799-BD0D-F0D219488A40}"
EndProject
Project("{FAE04EC0-301F-11D3-BF4B-00C04F79EFBC}") = "WePlayRises.Crowdsourcing.Application", "Modules\Crowdsourcing\WePlayRises.Crowdsourcing.Application\WePlayRises.Crowdsourcing.Application.csproj", "{D24EB57E-0A59-43A6-83FD-DDA3C073E57D}"
EndProject
Project("{FAE04EC0-301F-11D3-BF4B-00C04F79EFBC}") = "WePlayRises.Crowdsourcing.Infra", "Modules\Crowdsourcing\WePlayRises.Crowdsourcing.Infra\WePlayRises.Crowdsourcing.Infra.csproj", "{DDE13548-1DDD-490B-959C-53B952AAB45D}"
EndProject
Project("{FAE04EC0-301F-11D3-BF4B-00C04F79EFBC}") = "WePlayRises.Crowdsourcing.WebApi", "Modules\Crowdsourcing\WePlayRises.Crowdsourcing.WebApi\WePlayRises.Crowdsourcing.WebApi.csproj", "{059F3AC0-5545-46F0-98DF-9FA337E37D40}"
EndProject
Project("{FAE04EC0-301F-11D3-BF4B-00C04F79EFBC}") = "WePlayRises.Crowdpromotion.Domain", "Modules\Crowdpromotion\WePlayRises.Crowdpromotion.Domain\WePlayRises.Crowdpromotion.Domain.csproj", "{95678328-AEF3-48A3-8874-175AE717CB7F}"
EndProject
Project("{FAE04EC0-301F-11D3-BF4B-00C04F79EFBC}") = "WePlayRises.Crowdpromotion.Application", "Modules\Crowdpromotion\WePlayRises.Crowdpromotion.Application\WePlayRises.Crowdpromotion.Application.csproj", "{6E998020-EDAB-418F-AFC5-153FC2886801}"
EndProject
Project("{FAE04EC0-301F-11D3-BF4B-00C04F79EFBC}") = "WePlayRises.Crowdpromotion.Infra", "Modules\Crowdpromotion\WePlayRises.Crowdpromotion.Infra\WePlayRises.Crowdpromotion.Infra.csproj", "{5BD46208-DBF7-4063-8279-7B322CCFBEAE}"
EndProject
Project("{FAE04EC0-301F-11D3-BF4B-00C04F79EFBC}") = "WePlayRises.Crowdpromotion.WebApi", "Modules\Crowdpromotion\WePlayRises.Crowdpromotion.WebApi\WePlayRises.Crowdpromotion.WebApi.csproj", "{FBA8C726-7911-40EC-8F35-89AB9A00F4ED}"
EndProject
Project("{FAE04EC0-301F-11D3-BF4B-00C04F79EFBC}") = "WePlayRises.Crowdfunding.Application.Tests", "..\..\tests\WePlayRises.Crowdfunding.Application.Tests\WePlayRises.Crowdfunding.Application.Tests.csproj", "{BA413877-4D19-4523-8ADB-0D8A100FE083}"
EndProject
Project("{FAE04EC0-301F-11D3-BF4B-00C04F79EFBC}") = "WePlayRises.Crowdsourcing.Application.Tests", "..\..\tests\WePlayRises.Crowdsourcing.Application.Tests\WePlayRises.Crowdsourcing.Application.Tests.csproj", "{249B821A-C129-4D7B-A2CE-772664153190}"
EndProject
Project("{2150E333-8FDC-42A3-9474-1A3956D46DE8}") = "tests", "tests", "{0AB3BF05-4346-4AA6-1389-037BE0695223}"
EndProject
Project("{FAE04EC0-301F-11D3-BF4B-00C04F79EFBC}") = "WePlayRises.Crowdpromotion.Application.Tests", "tests\WePlayRises.Crowdpromotion.Application.Tests\WePlayRises.Crowdpromotion.Application.Tests.csproj", "{432A46FC-D8FE-49A4-BC8C-945ACD904E27}"
EndProject
Project("{FAE04EC0-301F-11D3-BF4B-00C04F79EFBC}") = "WePlayRises.UserAccess.Application.Tests", "..\..\tests\WePlayRises.UserAccess.Application.Tests\WePlayRises.UserAccess.Application.Tests.csproj", "{D553A8F7-2B93-4589-8872-3FBFE39297AC}"
EndProject
Global
	GlobalSection(SolutionConfigurationPlatforms) = preSolution
		Debug|Any CPU = Debug|Any CPU
		Debug|x64 = Debug|x64
		Debug|x86 = Debug|x86
		Release|Any CPU = Release|Any CPU
		Release|x64 = Release|x64
		Release|x86 = Release|x86
	EndGlobalSection
	GlobalSection(ProjectConfigurationPlatforms) = postSolution
		{894CD0D1-420B-434D-B7A2-F679406C9A5E}.Debug|Any CPU.ActiveCfg = Debug|Any CPU
		{894CD0D1-420B-434D-B7A2-F679406C9A5E}.Debug|Any CPU.Build.0 = Debug|Any CPU
		{894CD0D1-420B-434D-B7A2-F679406C9A5E}.Debug|x64.ActiveCfg = Debug|Any CPU
		{894CD0D1-420B-434D-B7A2-F679406C9A5E}.Debug|x64.Build.0 = Debug|Any CPU
		{894CD0D1-420B-434D-B7A2-F679406C9A5E}.Debug|x86.ActiveCfg = Debug|Any CPU
		{894CD0D1-420B-434D-B7A2-F679406C9A5E}.Debug|x86.Build.0 = Debug|Any CPU
		{894CD0D1-420B-434D-B7A2-F679406C9A5E}.Release|Any CPU.ActiveCfg = Release|Any CPU
		{894CD0D1-420B-434D-B7A2-F679406C9A5E}.Release|Any CPU.Build.0 = Release|Any CPU
		{894CD0D1-420B-434D-B7A2-F679406C9A5E}.Release|x64.ActiveCfg = Release|Any CPU
		{894CD0D1-420B-434D-B7A2-F679406C9A5E}.Release|x64.Build.0 = Release|Any CPU
		{894CD0D1-420B-434D-B7A2-F679406C9A5E}.Release|x86.ActiveCfg = Release|Any CPU
		{894CD0D1-420B-434D-B7A2-F679406C9A5E}.Release|x86.Build.0 = Release|Any CPU
		{F350F87E-CECE-4742-B31E-E10586C45D65}.Debug|Any CPU.ActiveCfg = Debug|Any CPU
		{F350F87E-CECE-4742-B31E-E10586C45D65}.Debug|Any CPU.Build.0 = Debug|Any CPU
		{F350F87E-CECE-4742-B31E-E10586C45D65}.Debug|x64.ActiveCfg = Debug|Any CPU
		{F350F87E-CECE-4742-B31E-E10586C45D65}.Debug|x64.Build.0 = Debug|Any CPU
		{F350F87E-CECE-4742-B31E-E10586C45D65}.Debug|x86.ActiveCfg = Debug|Any CPU
		{F350F87E-CECE-4742-B31E-E10586C45D65}.Debug|x86.Build.0 = Debug|Any CPU
		{F350F87E-CECE-4742-B31E-E10586C45D65}.Release|Any CPU.ActiveCfg = Release|Any CPU
		{F350F87E-CECE-4742-B31E-E10586C45D65}.Release|Any CPU.Build.0 = Release|Any CPU
		{F350F87E-CECE-4742-B31E-E10586C45D65}.Release|x64.ActiveCfg = Release|Any CPU
		{F350F87E-CECE-4742-B31E-E10586C45D65}.Release|x64.Build.0 = Release|Any CPU
		{F350F87E-CECE-4742-B31E-E10586C45D65}.Release|x86.ActiveCfg = Release|Any CPU
		{F350F87E-CECE-4742-B31E-E10586C45D65}.Release|x86.Build.0 = Release|Any CPU
		{A874FC4B-ECE9-450D-905C-B51A35EA3C7F}.Debug|Any CPU.ActiveCfg = Debug|Any CPU
		{A874FC4B-ECE9-450D-905C-B51A35EA3C7F}.Debug|Any CPU.Build.0 = Debug|Any CPU
		{A874FC4B-ECE9-450D-905C-B51A35EA3C7F}.Debug|x64.ActiveCfg = Debug|Any CPU
		{A874FC4B-ECE9-450D-905C-B51A35EA3C7F}.Debug|x64.Build.0 = Debug|Any CPU
		{A874FC4B-ECE9-450D-905C-B51A35EA3C7F}.Debug|x86.ActiveCfg = Debug|Any CPU
		{A874FC4B-ECE9-450D-905C-B51A35EA3C7F}.Debug|x86.Build.0 = Debug|Any CPU
		{A874FC4B-ECE9-450D-905C-B51A35EA3C7F}.Release|Any CPU.ActiveCfg = Release|Any CPU
		{A874FC4B-ECE9-450D-905C-B51A35EA3C7F}.Release|Any CPU.Build.0 = Release|Any CPU
		{A874FC4B-ECE9-450D-905C-B51A35EA3C7F}.Release|x64.ActiveCfg = Release|Any CPU
		{A874FC4B-ECE9-450D-905C-B51A35EA3C7F}.Release|x64.Build.0 = Release|Any CPU
		{A874FC4B-ECE9-450D-905C-B51A35EA3C7F}.Release|x86.ActiveCfg = Release|Any CPU
		{A874FC4B-ECE9-450D-905C-B51A35EA3C7F}.Release|x86.Build.0 = Release|Any CPU
		{A5A2BF5F-6803-4E5A-8882-1FBB6CBE4560}.Debug|Any CPU.ActiveCfg = Debug|Any CPU
		{A5A2BF5F-6803-4E5A-8882-1FBB6CBE4560}.Debug|Any CPU.Build.0 = Debug|Any CPU
		{A5A2BF5F-6803-4E5A-8882-1FBB6CBE4560}.Debug|x64.ActiveCfg = Debug|Any CPU
		{A5A2BF5F-6803-4E5A-8882-1FBB6CBE4560}.Debug|x64.Build.0 = Debug|Any CPU
		{A5A2BF5F-6803-4E5A-8882-1FBB6CBE4560}.Debug|x86.ActiveCfg = Debug|Any CPU
		{A5A2BF5F-6803-4E5A-8882-1FBB6CBE4560}.Debug|x86.Build.0 = Debug|Any CPU
		{A5A2BF5F-6803-4E5A-8882-1FBB6CBE4560}.Release|Any CPU.ActiveCfg = Release|Any CPU
		{A5A2BF5F-6803-4E5A-8882-1FBB6CBE4560}.Release|Any CPU.Build.0 = Release|Any CPU
		{A5A2BF5F-6803-4E5A-8882-1FBB6CBE4560}.Release|x64.ActiveCfg = Release|Any CPU
		{A5A2BF5F-6803-4E5A-8882-1FBB6CBE4560}.Release|x64.Build.0 = Release|Any CPU
		{A5A2BF5F-6803-4E5A-8882-1FBB6CBE4560}.Release|x86.ActiveCfg = Release|Any CPU
		{A5A2BF5F-6803-4E5A-8882-1FBB6CBE4560}.Release|x86.Build.0 = Release|Any CPU
		{7167DA74-F3EC-4CE2-A488-43E3AC2B84C9}.Debug|Any CPU.ActiveCfg = Debug|Any CPU
		{7167DA74-F3EC-4CE2-A488-43E3AC2B84C9}.Debug|Any CPU.Build.0 = Debug|Any CPU
		{7167DA74-F3EC-4CE2-A488-43E3AC2B84C9}.Debug|x64.ActiveCfg = Debug|Any CPU
		{7167DA74-F3EC-4CE2-A488-43E3AC2B84C9}.Debug|x64.Build.0 = Debug|Any CPU
		{7167DA74-F3EC-4CE2-A488-43E3AC2B84C9}.Debug|x86.ActiveCfg = Debug|Any CPU
		{7167DA74-F3EC-4CE2-A488-43E3AC2B84C9}.Debug|x86.Build.0 = Debug|Any CPU
		{7167DA74-F3EC-4CE2-A488-43E3AC2B84C9}.Release|Any CPU.ActiveCfg = Release|Any CPU
		{7167DA74-F3EC-4CE2-A488-43E3AC2B84C9}.Release|Any CPU.Build.0 = Release|Any CPU
		{7167DA74-F3EC-4CE2-A488-43E3AC2B84C9}.Release|x64.ActiveCfg = Release|Any CPU
		{7167DA74-F3EC-4CE2-A488-43E3AC2B84C9}.Release|x64.Build.0 = Release|Any CPU
		{7167DA74-F3EC-4CE2-A488-43E3AC2B84C9}.Release|x86.ActiveCfg = Release|Any CPU
		{7167DA74-F3EC-4CE2-A488-43E3AC2B84C9}.Release|x86.Build.0 = Release|Any CPU
		{918BBF64-2A4E-4A73-A332-CBDF4C3E7321}.Debug|Any CPU.ActiveCfg = Debug|Any CPU
		{918BBF64-2A4E-4A73-A332-CBDF4C3E7321}.Debug|Any CPU.Build.0 = Debug|Any CPU
		{918BBF64-2A4E-4A73-A332-CBDF4C3E7321}.Debug|x64.ActiveCfg = Debug|Any CPU
		{918BBF64-2A4E-4A73-A332-CBDF4C3E7321}.Debug|x64.Build.0 = Debug|Any CPU
		{918BBF64-2A4E-4A73-A332-CBDF4C3E7321}.Debug|x86.ActiveCfg = Debug|Any CPU
		{918BBF64-2A4E-4A73-A332-CBDF4C3E7321}.Debug|x86.Build.0 = Debug|Any CPU
		{918BBF64-2A4E-4A73-A332-CBDF4C3E7321}.Release|Any CPU.ActiveCfg = Release|Any CPU
		{918BBF64-2A4E-4A73-A332-CBDF4C3E7321}.Release|Any CPU.Build.0 = Release|Any CPU
		{918BBF64-2A4E-4A73-A332-CBDF4C3E7321}.Release|x64.ActiveCfg = Release|Any CPU
		{918BBF64-2A4E-4A73-A332-CBDF4C3E7321}.Release|x64.Build.0 = Release|Any CPU
		{918BBF64-2A4E-4A73-A332-CBDF4C3E7321}.Release|x86.ActiveCfg = Release|Any CPU
		{918BBF64-2A4E-4A73-A332-CBDF4C3E7321}.Release|x86.Build.0 = Release|Any CPU
		{236CEDC4-8963-4366-91C7-D37CB2CD3CA2}.Debug|Any CPU.ActiveCfg = Debug|Any CPU
		{236CEDC4-8963-4366-91C7-D37CB2CD3CA2}.Debug|Any CPU.Build.0 = Debug|Any CPU
		{236CEDC4-8963-4366-91C7-D37CB2CD3CA2}.Debug|x64.ActiveCfg = Debug|Any CPU
		{236CEDC4-8963-4366-91C7-D37CB2CD3CA2}.Debug|x64.Build.0 = Debug|Any CPU
		{236CEDC4-8963-4366-91C7-D37CB2CD3CA2}.Debug|x86.ActiveCfg = Debug|Any CPU
		{236CEDC4-8963-4366-91C7-D37CB2CD3CA2}.Debug|x86.Build.0 = Debug|Any CPU
		{236CEDC4-8963-4366-91C7-D37CB2CD3CA2}.Release|Any CPU.ActiveCfg = Release|Any CPU
		{236CEDC4-8963-4366-91C7-D37CB2CD3CA2}.Release|Any CPU.Build.0 = Release|Any CPU
		{236CEDC4-8963-4366-91C7-D37CB2CD3CA2}.Release|x64.ActiveCfg = Release|Any CPU
		{236CEDC4-8963-4366-91C7-D37CB2CD3CA2}.Release|x64.Build.0 = Release|Any CPU
		{236CEDC4-8963-4366-91C7-D37CB2CD3CA2}.Release|x86.ActiveCfg = Release|Any CPU
		{236CEDC4-8963-4366-91C7-D37CB2CD3CA2}.Release|x86.Build.0 = Release|Any CPU
		{C884BC07-A3CB-4BA3-A6C6-D3E740FA2050}.Debug|Any CPU.ActiveCfg = Debug|Any CPU
		{C884BC07-A3CB-4BA3-A6C6-D3E740FA2050}.Debug|Any CPU.Build.0 = Debug|Any CPU
		{C884BC07-A3CB-4BA3-A6C6-D3E740FA2050}.Debug|x64.ActiveCfg = Debug|Any CPU
		{C884BC07-A3CB-4BA3-A6C6-D3E740FA2050}.Debug|x64.Build.0 = Debug|Any CPU
		{C884BC07-A3CB-4BA3-A6C6-D3E740FA2050}.Debug|x86.ActiveCfg = Debug|Any CPU
		{C884BC07-A3CB-4BA3-A6C6-D3E740FA2050}.Debug|x86.Build.0 = Debug|Any CPU
		{C884BC07-A3CB-4BA3-A6C6-D3E740FA2050}.Release|Any CPU.ActiveCfg = Release|Any CPU
		{C884BC07-A3CB-4BA3-A6C6-D3E740FA2050}.Release|Any CPU.Build.0 = Release|Any CPU
		{C884BC07-A3CB-4BA3-A6C6-D3E740FA2050}.Release|x64.ActiveCfg = Release|Any CPU
		{C884BC07-A3CB-4BA3-A6C6-D3E740FA2050}.Release|x64.Build.0 = Release|Any CPU
		{C884BC07-A3CB-4BA3-A6C6-D3E740FA2050}.Release|x86.ActiveCfg = Release|Any CPU
		{C884BC07-A3CB-4BA3-A6C6-D3E740FA2050}.Release|x86.Build.0 = Release|Any CPU
		{9ADBFEEB-0481-4675-AE1C-56516D33EEA1}.Debug|Any CPU.ActiveCfg = Debug|Any CPU
		{9ADBFEEB-0481-4675-AE1C-56516D33EEA1}.Debug|Any CPU.Build.0 = Debug|Any CPU
		{9ADBFEEB-0481-4675-AE1C-56516D33EEA1}.Debug|x64.ActiveCfg = Debug|Any CPU
		{9ADBFEEB-0481-4675-AE1C-56516D33EEA1}.Debug|x64.Build.0 = Debug|Any CPU
		{9ADBFEEB-0481-4675-AE1C-56516D33EEA1}.Debug|x86.ActiveCfg = Debug|Any CPU
		{9ADBFEEB-0481-4675-AE1C-56516D33EEA1}.Debug|x86.Build.0 = Debug|Any CPU
		{9ADBFEEB-0481-4675-AE1C-56516D33EEA1}.Release|Any CPU.ActiveCfg = Release|Any CPU
		{9ADBFEEB-0481-4675-AE1C-56516D33EEA1}.Release|Any CPU.Build.0 = Release|Any CPU
		{9ADBFEEB-0481-4675-AE1C-56516D33EEA1}.Release|x64.ActiveCfg = Release|Any CPU
		{9ADBFEEB-0481-4675-AE1C-56516D33EEA1}.Release|x64.Build.0 = Release|Any CPU
		{9ADBFEEB-0481-4675-AE1C-56516D33EEA1}.Release|x86.ActiveCfg = Release|Any CPU
		{9ADBFEEB-0481-4675-AE1C-56516D33EEA1}.Release|x86.Build.0 = Release|Any CPU
		{AAD5C391-DCA6-426A-852B-4B30FDEBA4AD}.Debug|Any CPU.ActiveCfg = Debug|Any CPU
		{AAD5C391-DCA6-426A-852B-4B30FDEBA4AD}.Debug|Any CPU.Build.0 = Debug|Any CPU
		{AAD5C391-DCA6-426A-852B-4B30FDEBA4AD}.Debug|x64.ActiveCfg = Debug|Any CPU
		{AAD5C391-DCA6-426A-852B-4B30FDEBA4AD}.Debug|x64.Build.0 = Debug|Any CPU
		{AAD5C391-DCA6-426A-852B-4B30FDEBA4AD}.Debug|x86.ActiveCfg = Debug|Any CPU
		{AAD5C391-DCA6-426A-852B-4B30FDEBA4AD}.Debug|x86.Build.0 = Debug|Any CPU
		{AAD5C391-DCA6-426A-852B-4B30FDEBA4AD}.Release|Any CPU.ActiveCfg = Release|Any CPU
		{AAD5C391-DCA6-426A-852B-4B30FDEBA4AD}.Release|Any CPU.Build.0 = Release|Any CPU
		{AAD5C391-DCA6-426A-852B-4B30FDEBA4AD}.Release|x64.ActiveCfg = Release|Any CPU
		{AAD5C391-DCA6-426A-852B-4B30FDEBA4AD}.Release|x64.Build.0 = Release|Any CPU
		{AAD5C391-DCA6-426A-852B-4B30FDEBA4AD}.Release|x86.ActiveCfg = Release|Any CPU
		{AAD5C391-DCA6-426A-852B-4B30FDEBA4AD}.Release|x86.Build.0 = Release|Any CPU
		{0BD1B91A-DB42-4A87-8495-89F1636B99A6}.Debug|Any CPU.ActiveCfg = Debug|Any CPU
		{0BD1B91A-DB42-4A87-8495-89F1636B99A6}.Debug|Any CPU.Build.0 = Debug|Any CPU
		{0BD1B91A-DB42-4A87-8495-89F1636B99A6}.Debug|x64.ActiveCfg = Debug|Any CPU
		{0BD1B91A-DB42-4A87-8495-89F1636B99A6}.Debug|x64.Build.0 = Debug|Any CPU
		{0BD1B91A-DB42-4A87-8495-89F1636B99A6}.Debug|x86.ActiveCfg = Debug|Any CPU
		{0BD1B91A-DB42-4A87-8495-89F1636B99A6}.Debug|x86.Build.0 = Debug|Any CPU
		{0BD1B91A-DB42-4A87-8495-89F1636B99A6}.Release|Any CPU.ActiveCfg = Release|Any CPU
		{0BD1B91A-DB42-4A87-8495-89F1636B99A6}.Release|Any CPU.Build.0 = Release|Any CPU
		{0BD1B91A-DB42-4A87-8495-89F1636B99A6}.Release|x64.ActiveCfg = Release|Any CPU
		{0BD1B91A-DB42-4A87-8495-89F1636B99A6}.Release|x64.Build.0 = Release|Any CPU
		{0BD1B91A-DB42-4A87-8495-89F1636B99A6}.Release|x86.ActiveCfg = Release|Any CPU
		{0BD1B91A-DB42-4A87-8495-89F1636B99A6}.Release|x86.Build.0 = Release|Any CPU
		{B1BEA329-33FA-4F48-9B18-ED2564DF730D}.Debug|Any CPU.ActiveCfg = Debug|Any CPU
		{B1BEA329-33FA-4F48-9B18-ED2564DF730D}.Debug|Any CPU.Build.0 = Debug|Any CPU
		{B1BEA329-33FA-4F48-9B18-ED2564DF730D}.Debug|x64.ActiveCfg = Debug|Any CPU
		{B1BEA329-33FA-4F48-9B18-ED2564DF730D}.Debug|x64.Build.0 = Debug|Any CPU
		{B1BEA329-33FA-4F48-9B18-ED2564DF730D}.Debug|x86.ActiveCfg = Debug|Any CPU
		{B1BEA329-33FA-4F48-9B18-ED2564DF730D}.Debug|x86.Build.0 = Debug|Any CPU
		{B1BEA329-33FA-4F48-9B18-ED2564DF730D}.Release|Any CPU.ActiveCfg = Release|Any CPU
		{B1BEA329-33FA-4F48-9B18-ED2564DF730D}.Release|Any CPU.Build.0 = Release|Any CPU
		{B1BEA329-33FA-4F48-9B18-ED2564DF730D}.Release|x64.ActiveCfg = Release|Any CPU
		{B1BEA329-33FA-4F48-9B18-ED2564DF730D}.Release|x64.Build.0 = Release|Any CPU
		{B1BEA329-33FA-4F48-9B18-ED2564DF730D}.Release|x86.ActiveCfg = Release|Any CPU
		{B1BEA329-33FA-4F48-9B18-ED2564DF730D}.Release|x86.Build.0 = Release|Any CPU
		{F26485B0-4345-461E-963F-98C931027D93}.Debug|Any CPU.ActiveCfg = Debug|Any CPU
		{F26485B0-4345-461E-963F-98C931027D93}.Debug|Any CPU.Build.0 = Debug|Any CPU
		{F26485B0-4345-461E-963F-98C931027D93}.Debug|x64.ActiveCfg = Debug|Any CPU
		{F26485B0-4345-461E-963F-98C931027D93}.Debug|x64.Build.0 = Debug|Any CPU
		{F26485B0-4345-461E-963F-98C931027D93}.Debug|x86.ActiveCfg = Debug|Any CPU
		{F26485B0-4345-461E-963F-98C931027D93}.Debug|x86.Build.0 = Debug|Any CPU
		{F26485B0-4345-461E-963F-98C931027D93}.Release|Any CPU.ActiveCfg = Release|Any CPU
		{F26485B0-4345-461E-963F-98C931027D93}.Release|Any CPU.Build.0 = Release|Any CPU
		{F26485B0-4345-461E-963F-98C931027D93}.Release|x64.ActiveCfg = Release|Any CPU
		{F26485B0-4345-461E-963F-98C931027D93}.Release|x64.Build.0 = Release|Any CPU
		{F26485B0-4345-461E-963F-98C931027D93}.Release|x86.ActiveCfg = Release|Any CPU
		{F26485B0-4345-461E-963F-98C931027D93}.Release|x86.Build.0 = Release|Any CPU
		{1B64E2E8-344A-4EB6-9F60-1AF0C931515D}.Debug|Any CPU.ActiveCfg = Debug|Any CPU
		{1B64E2E8-344A-4EB6-9F60-1AF0C931515D}.Debug|Any CPU.Build.0 = Debug|Any CPU
		{1B64E2E8-344A-4EB6-9F60-1AF0C931515D}.Debug|x64.ActiveCfg = Debug|Any CPU
		{1B64E2E8-344A-4EB6-9F60-1AF0C931515D}.Debug|x64.Build.0 = Debug|Any CPU
		{1B64E2E8-344A-4EB6-9F60-1AF0C931515D}.Debug|x86.ActiveCfg = Debug|Any CPU
		{1B64E2E8-344A-4EB6-9F60-1AF0C931515D}.Debug|x86.Build.0 = Debug|Any CPU
		{1B64E2E8-344A-4EB6-9F60-1AF0C931515D}.Release|Any CPU.ActiveCfg = Release|Any CPU
		{1B64E2E8-344A-4EB6-9F60-1AF0C931515D}.Release|Any CPU.Build.0 = Release|Any CPU
		{1B64E2E8-344A-4EB6-9F60-1AF0C931515D}.Release|x64.ActiveCfg = Release|Any CPU
		{1B64E2E8-344A-4EB6-9F60-1AF0C931515D}.Release|x64.Build.0 = Release|Any CPU
		{1B64E2E8-344A-4EB6-9F60-1AF0C931515D}.Release|x86.ActiveCfg = Release|Any CPU
		{1B64E2E8-344A-4EB6-9F60-1AF0C931515D}.Release|x86.Build.0 = Release|Any CPU
		{AA604D0A-71CB-4CB8-A427-7FB3E3D72515}.Debug|Any CPU.ActiveCfg = Debug|Any CPU
		{AA604D0A-71CB-4CB8-A427-7FB3E3D72515}.Debug|Any CPU.Build.0 = Debug|Any CPU
		{AA604D0A-71CB-4CB8-A427-7FB3E3D72515}.Debug|x64.ActiveCfg = Debug|Any CPU
		{AA604D0A-71CB-4CB8-A427-7FB3E3D72515}.Debug|x64.Build.0 = Debug|Any CPU
		{AA604D0A-71CB-4CB8-A427-7FB3E3D72515}.Debug|x86.ActiveCfg = Debug|Any CPU
		{AA604D0A-71CB-4CB8-A427-7FB3E3D72515}.Debug|x86.Build.0 = Debug|Any CPU
		{AA604D0A-71CB-4CB8-A427-7FB3E3D72515}.Release|Any CPU.ActiveCfg = Release|Any CPU
		{AA604D0A-71CB-4CB8-A427-7FB3E3D72515}.Release|Any CPU.Build.0 = Release|Any CPU
		{AA604D0A-71CB-4CB8-A427-7FB3E3D72515}.Release|x64.ActiveCfg = Release|Any CPU
		{AA604D0A-71CB-4CB8-A427-7FB3E3D72515}.Release|x64.Build.0 = Release|Any CPU
		{AA604D0A-71CB-4CB8-A427-7FB3E3D72515}.Release|x86.ActiveCfg = Release|Any CPU
		{AA604D0A-71CB-4CB8-A427-7FB3E3D72515}.Release|x86.Build.0 = Release|Any CPU
		{CC3AE589-07CC-4268-ACEF-60DA2BF92B55}.Debug|Any CPU.ActiveCfg = Debug|Any CPU
		{CC3AE589-07CC-4268-ACEF-60DA2BF92B55}.Debug|Any CPU.Build.0 = Debug|Any CPU
		{CC3AE589-07CC-4268-ACEF-60DA2BF92B55}.Debug|x64.ActiveCfg = Debug|Any CPU
		{CC3AE589-07CC-4268-ACEF-60DA2BF92B55}.Debug|x64.Build.0 = Debug|Any CPU
		{CC3AE589-07CC-4268-ACEF-60DA2BF92B55}.Debug|x86.ActiveCfg = Debug|Any CPU
		{CC3AE589-07CC-4268-ACEF-60DA2BF92B55}.Debug|x86.Build.0 = Debug|Any CPU
		{CC3AE589-07CC-4268-ACEF-60DA2BF92B55}.Release|Any CPU.ActiveCfg = Release|Any CPU
		{CC3AE589-07CC-4268-ACEF-60DA2BF92B55}.Release|Any CPU.Build.0 = Release|Any CPU
		{CC3AE589-07CC-4268-ACEF-60DA2BF92B55}.Release|x64.ActiveCfg = Release|Any CPU
		{CC3AE589-07CC-4268-ACEF-60DA2BF92B55}.Release|x64.Build.0 = Release|Any CPU
		{CC3AE589-07CC-4268-ACEF-60DA2BF92B55}.Release|x86.ActiveCfg = Release|Any CPU
		{CC3AE589-07CC-4268-ACEF-60DA2BF92B55}.Release|x86.Build.0 = Release|Any CPU
		{88472500-F487-4FD4-BBCC-956933292733}.Debug|Any CPU.ActiveCfg = Debug|Any CPU
		{88472500-F487-4FD4-BBCC-956933292733}.Debug|Any CPU.Build.0 = Debug|Any CPU
		{88472500-F487-4FD4-BBCC-956933292733}.Debug|x64.ActiveCfg = Debug|Any CPU
		{88472500-F487-4FD4-BBCC-956933292733}.Debug|x64.Build.0 = Debug|Any CPU
		{88472500-F487-4FD4-BBCC-956933292733}.Debug|x86.ActiveCfg = Debug|Any CPU
		{88472500-F487-4FD4-BBCC-956933292733}.Debug|x86.Build.0 = Debug|Any CPU
		{88472500-F487-4FD4-BBCC-956933292733}.Release|Any CPU.ActiveCfg = Release|Any CPU
		{88472500-F487-4FD4-BBCC-956933292733}.Release|Any CPU.Build.0 = Release|Any CPU
		{88472500-F487-4FD4-BBCC-956933292733}.Release|x64.ActiveCfg = Release|Any CPU
		{88472500-F487-4FD4-BBCC-956933292733}.Release|x64.Build.0 = Release|Any CPU
		{88472500-F487-4FD4-BBCC-956933292733}.Release|x86.ActiveCfg = Release|Any CPU
		{88472500-F487-4FD4-BBCC-956933292733}.Release|x86.Build.0 = Release|Any CPU
		{A9E0C38E-91ED-4799-BD0D-F0D219488A40}.Debug|Any CPU.ActiveCfg = Debug|Any CPU
		{A9E0C38E-91ED-4799-BD0D-F0D219488A40}.Debug|Any CPU.Build.0 = Debug|Any CPU
		{A9E0C38E-91ED-4799-BD0D-F0D219488A40}.Debug|x64.ActiveCfg = Debug|Any CPU
		{A9E0C38E-91ED-4799-BD0D-F0D219488A40}.Debug|x64.Build.0 = Debug|Any CPU
		{A9E0C38E-91ED-4799-BD0D-F0D219488A40}.Debug|x86.ActiveCfg = Debug|Any CPU
		{A9E0C38E-91ED-4799-BD0D-F0D219488A40}.Debug|x86.Build.0 = Debug|Any CPU
		{A9E0C38E-91ED-4799-BD0D-F0D219488A40}.Release|Any CPU.ActiveCfg = Release|Any CPU
		{A9E0C38E-91ED-4799-BD0D-F0D219488A40}.Release|Any CPU.Build.0 = Release|Any CPU
		{A9E0C38E-91ED-4799-BD0D-F0D219488A40}.Release|x64.ActiveCfg = Release|Any CPU
		{A9E0C38E-91ED-4799-BD0D-F0D219488A40}.Release|x64.Build.0 = Release|Any CPU
		{A9E0C38E-91ED-4799-BD0D-F0D219488A40}.Release|x86.ActiveCfg = Release|Any CPU
		{A9E0C38E-91ED-4799-BD0D-F0D219488A40}.Release|x86.Build.0 = Release|Any CPU
		{D24EB57E-0A59-43A6-83FD-DDA3C073E57D}.Debug|Any CPU.ActiveCfg = Debug|Any CPU
		{D24EB57E-0A59-43A6-83FD-DDA3C073E57D}.Debug|Any CPU.Build.0 = Debug|Any CPU
		{D24EB57E-0A59-43A6-83FD-DDA3C073E57D}.Debug|x64.ActiveCfg = Debug|Any CPU
		{D24EB57E-0A59-43A6-83FD-DDA3C073E57D}.Debug|x64.Build.0 = Debug|Any CPU
		{D24EB57E-0A59-43A6-83FD-DDA3C073E57D}.Debug|x86.ActiveCfg = Debug|Any CPU
		{D24EB57E-0A59-43A6-83FD-DDA3C073E57D}.Debug|x86.Build.0 = Debug|Any CPU
		{D24EB57E-0A59-43A6-83FD-DDA3C073E57D}.Release|Any CPU.ActiveCfg = Release|Any CPU
		{D24EB57E-0A59-43A6-83FD-DDA3C073E57D}.Release|Any CPU.Build.0 = Release|Any CPU
		{D24EB57E-0A59-43A6-83FD-DDA3C073E57D}.Release|x64.ActiveCfg = Release|Any CPU
		{D24EB57E-0A59-43A6-83FD-DDA3C073E57D}.Release|x64.Build.0 = Release|Any CPU
		{D24EB57E-0A59-43A6-83FD-DDA3C073E57D}.Release|x86.ActiveCfg = Release|Any CPU
		{D24EB57E-0A59-43A6-83FD-DDA3C073E57D}.Release|x86.Build.0 = Release|Any CPU
		{DDE13548-1DDD-490B-959C-53B952AAB45D}.Debug|Any CPU.ActiveCfg = Debug|Any CPU
		{DDE13548-1DDD-490B-959C-53B952AAB45D}.Debug|Any CPU.Build.0 = Debug|Any CPU
		{DDE13548-1DDD-490B-959C-53B952AAB45D}.Debug|x64.ActiveCfg = Debug|Any CPU
		{DDE13548-1DDD-490B-959C-53B952AAB45D}.Debug|x64.Build.0 = Debug|Any CPU
		{DDE13548-1DDD-490B-959C-53B952AAB45D}.Debug|x86.ActiveCfg = Debug|Any CPU
		{DDE13548-1DDD-490B-959C-53B952AAB45D}.Debug|x86.Build.0 = Debug|Any CPU
		{DDE13548-1DDD-490B-959C-53B952AAB45D}.Release|Any CPU.ActiveCfg = Release|Any CPU
		{DDE13548-1DDD-490B-959C-53B952AAB45D}.Release|Any CPU.Build.0 = Release|Any CPU
		{DDE13548-1DDD-490B-959C-53B952AAB45D}.Release|x64.ActiveCfg = Release|Any CPU
		{DDE13548-1DDD-490B-959C-53B952AAB45D}.Release|x64.Build.0 = Release|Any CPU
		{DDE13548-1DDD-490B-959C-53B952AAB45D}.Release|x86.ActiveCfg = Release|Any CPU
		{DDE13548-1DDD-490B-959C-53B952AAB45D}.Release|x86.Build.0 = Release|Any CPU
		{059F3AC0-5545-46F0-98DF-9FA337E37D40}.Debug|Any CPU.ActiveCfg = Debug|Any CPU
		{059F3AC0-5545-46F0-98DF-9FA337E37D40}.Debug|Any CPU.Build.0 = Debug|Any CPU
		{059F3AC0-5545-46F0-98DF-9FA337E37D40}.Debug|x64.ActiveCfg = Debug|Any CPU
		{059F3AC0-5545-46F0-98DF-9FA337E37D40}.Debug|x64.Build.0 = Debug|Any CPU
		{059F3AC0-5545-46F0-98DF-9FA337E37D40}.Debug|x86.ActiveCfg = Debug|Any CPU
		{059F3AC0-5545-46F0-98DF-9FA337E37D40}.Debug|x86.Build.0 = Debug|Any CPU
		{059F3AC0-5545-46F0-98DF-9FA337E37D40}.Release|Any CPU.ActiveCfg = Release|Any CPU
		{059F3AC0-5545-46F0-98DF-9FA337E37D40}.Release|Any CPU.Build.0 = Release|Any CPU
		{059F3AC0-5545-46F0-98DF-9FA337E37D40}.Release|x64.ActiveCfg = Release|Any CPU
		{059F3AC0-5545-46F0-98DF-9FA337E37D40}.Release|x64.Build.0 = Release|Any CPU
		{059F3AC0-5545-46F0-98DF-9FA337E37D40}.Release|x86.ActiveCfg = Release|Any CPU
		{059F3AC0-5545-46F0-98DF-9FA337E37D40}.Release|x86.Build.0 = Release|Any CPU
		{95678328-AEF3-48A3-8874-175AE717CB7F}.Debug|Any CPU.ActiveCfg = Debug|Any CPU
		{95678328-AEF3-48A3-8874-175AE717CB7F}.Debug|Any CPU.Build.0 = Debug|Any CPU
		{95678328-AEF3-48A3-8874-175AE717CB7F}.Debug|x64.ActiveCfg = Debug|Any CPU
		{95678328-AEF3-48A3-8874-175AE717CB7F}.Debug|x64.Build.0 = Debug|Any CPU
		{95678328-AEF3-48A3-8874-175AE717CB7F}.Debug|x86.ActiveCfg = Debug|Any CPU
		{95678328-AEF3-48A3-8874-175AE717CB7F}.Debug|x86.Build.0 = Debug|Any CPU
		{95678328-AEF3-48A3-8874-175AE717CB7F}.Release|Any CPU.ActiveCfg = Release|Any CPU
		{95678328-AEF3-48A3-8874-175AE717CB7F}.Release|Any CPU.Build.0 = Release|Any CPU
		{95678328-AEF3-48A3-8874-175AE717CB7F}.Release|x64.ActiveCfg = Release|Any CPU
		{95678328-AEF3-48A3-8874-175AE717CB7F}.Release|x64.Build.0 = Release|Any CPU
		{95678328-AEF3-48A3-8874-175AE717CB7F}.Release|x86.ActiveCfg = Release|Any CPU
		{95678328-AEF3-48A3-8874-175AE717CB7F}.Release|x86.Build.0 = Release|Any CPU
		{6E998020-EDAB-418F-AFC5-153FC2886801}.Debug|Any CPU.ActiveCfg = Debug|Any CPU
		{6E998020-EDAB-418F-AFC5-153FC2886801}.Debug|Any CPU.Build.0 = Debug|Any CPU
		{6E998020-EDAB-418F-AFC5-153FC2886801}.Debug|x64.ActiveCfg = Debug|Any CPU
		{6E998020-EDAB-418F-AFC5-153FC2886801}.Debug|x64.Build.0 = Debug|Any CPU
		{6E998020-EDAB-418F-AFC5-153FC2886801}.Debug|x86.ActiveCfg = Debug|Any CPU
		{6E998020-EDAB-418F-AFC5-153FC2886801}.Debug|x86.Build.0 = Debug|Any CPU
		{6E998020-EDAB-418F-AFC5-153FC2886801}.Release|Any CPU.ActiveCfg = Release|Any CPU
		{6E998020-EDAB-418F-AFC5-153FC2886801}.Release|Any CPU.Build.0 = Release|Any CPU
		{6E998020-EDAB-418F-AFC5-153FC2886801}.Release|x64.ActiveCfg = Release|Any CPU
		{6E998020-EDAB-418F-AFC5-153FC2886801}.Release|x64.Build.0 = Release|Any CPU
		{6E998020-EDAB-418F-AFC5-153FC2886801}.Release|x86.ActiveCfg = Release|Any CPU
		{6E998020-EDAB-418F-AFC5-153FC2886801}.Release|x86.Build.0 = Release|Any CPU
		{5BD46208-DBF7-4063-8279-7B322CCFBEAE}.Debug|Any CPU.ActiveCfg = Debug|Any CPU
		{5BD46208-DBF7-4063-8279-7B322CCFBEAE}.Debug|Any CPU.Build.0 = Debug|Any CPU
		{5BD46208-DBF7-4063-8279-7B322CCFBEAE}.Debug|x64.ActiveCfg = Debug|Any CPU
		{5BD46208-DBF7-4063-8279-7B322CCFBEAE}.Debug|x64.Build.0 = Debug|Any CPU
		{5BD46208-DBF7-4063-8279-7B322CCFBEAE}.Debug|x86.ActiveCfg = Debug|Any CPU
		{5BD46208-DBF7-4063-8279-7B322CCFBEAE}.Debug|x86.Build.0 = Debug|Any CPU
		{5BD46208-DBF7-4063-8279-7B322CCFBEAE}.Release|Any CPU.ActiveCfg = Release|Any CPU
		{5BD46208-DBF7-4063-8279-7B322CCFBEAE}.Release|Any CPU.Build.0 = Release|Any CPU
		{5BD46208-DBF7-4063-8279-7B322CCFBEAE}.Release|x64.ActiveCfg = Release|Any CPU
		{5BD46208-DBF7-4063-8279-7B322CCFBEAE}.Release|x64.Build.0 = Release|Any CPU
		{5BD46208-DBF7-4063-8279-7B322CCFBEAE}.Release|x86.ActiveCfg = Release|Any CPU
		{5BD46208-DBF7-4063-8279-7B322CCFBEAE}.Release|x86.Build.0 = Release|Any CPU
		{FBA8C726-7911-40EC-8F35-89AB9A00F4ED}.Debug|Any CPU.ActiveCfg = Debug|Any CPU
		{FBA8C726-7911-40EC-8F35-89AB9A00F4ED}.Debug|Any CPU.Build.0 = Debug|Any CPU
		{FBA8C726-7911-40EC-8F35-89AB9A00F4ED}.Debug|x64.ActiveCfg = Debug|Any CPU
		{FBA8C726-7911-40EC-8F35-89AB9A00F4ED}.Debug|x64.Build.0 = Debug|Any CPU
		{FBA8C726-7911-40EC-8F35-89AB9A00F4ED}.Debug|x86.ActiveCfg = Debug|Any CPU
		{FBA8C726-7911-40EC-8F35-89AB9A00F4ED}.Debug|x86.Build.0 = Debug|Any CPU
		{FBA8C726-7911-40EC-8F35-89AB9A00F4ED}.Release|Any CPU.ActiveCfg = Release|Any CPU
		{FBA8C726-7911-40EC-8F35-89AB9A00F4ED}.Release|Any CPU.Build.0 = Release|Any CPU
		{FBA8C726-7911-40EC-8F35-89AB9A00F4ED}.Release|x64.ActiveCfg = Release|Any CPU
		{FBA8C726-7911-40EC-8F35-89AB9A00F4ED}.Release|x64.Build.0 = Release|Any CPU
		{FBA8C726-7911-40EC-8F35-89AB9A00F4ED}.Release|x86.ActiveCfg = Release|Any CPU
		{FBA8C726-7911-40EC-8F35-89AB9A00F4ED}.Release|x86.Build.0 = Release|Any CPU
		{BA413877-4D19-4523-8ADB-0D8A100FE083}.Debug|Any CPU.ActiveCfg = Debug|Any CPU
		{BA413877-4D19-4523-8ADB-0D8A100FE083}.Debug|Any CPU.Build.0 = Debug|Any CPU
		{BA413877-4D19-4523-8ADB-0D8A100FE083}.Debug|x64.ActiveCfg = Debug|Any CPU
		{BA413877-4D19-4523-8ADB-0D8A100FE083}.Debug|x64.Build.0 = Debug|Any CPU
		{BA413877-4D19-4523-8ADB-0D8A100FE083}.Debug|x86.ActiveCfg = Debug|Any CPU
		{BA413877-4D19-4523-8ADB-0D8A100FE083}.Debug|x86.Build.0 = Debug|Any CPU
		{BA413877-4D19-4523-8ADB-0D8A100FE083}.Release|Any CPU.ActiveCfg = Release|Any CPU
		{BA413877-4D19-4523-8ADB-0D8A100FE083}.Release|Any CPU.Build.0 = Release|Any CPU
		{BA413877-4D19-4523-8ADB-0D8A100FE083}.Release|x64.ActiveCfg = Release|Any CPU
		{BA413877-4D19-4523-8ADB-0D8A100FE083}.Release|x64.Build.0 = Release|Any CPU
		{BA413877-4D19-4523-8ADB-0D8A100FE083}.Release|x86.ActiveCfg = Release|Any CPU
		{BA413877-4D19-4523-8ADB-0D8A100FE083}.Release|x86.Build.0 = Release|Any CPU
		{249B821A-C129-4D7B-A2CE-772664153190}.Debug|Any CPU.ActiveCfg = Debug|Any CPU
		{249B821A-C129-4D7B-A2CE-772664153190}.Debug|Any CPU.Build.0 = Debug|Any CPU
		{249B821A-C129-4D7B-A2CE-772664153190}.Debug|x64.ActiveCfg = Debug|Any CPU
		{249B821A-C129-4D7B-A2CE-772664153190}.Debug|x64.Build.0 = Debug|Any CPU
		{249B821A-C129-4D7B-A2CE-772664153190}.Debug|x86.ActiveCfg = Debug|Any CPU
		{249B821A-C129-4D7B-A2CE-772664153190}.Debug|x86.Build.0 = Debug|Any CPU
		{249B821A-C129-4D7B-A2CE-772664153190}.Release|Any CPU.ActiveCfg = Release|Any CPU
		{249B821A-C129-4D7B-A2CE-772664153190}.Release|Any CPU.Build.0 = Release|Any CPU
		{249B821A-C129-4D7B-A2CE-772664153190}.Release|x64.ActiveCfg = Release|Any CPU
		{249B821A-C129-4D7B-A2CE-772664153190}.Release|x64.Build.0 = Release|Any CPU
		{249B821A-C129-4D7B-A2CE-772664153190}.Release|x86.ActiveCfg = Release|Any CPU
		{249B821A-C129-4D7B-A2CE-772664153190}.Release|x86.Build.0 = Release|Any CPU
		{432A46FC-D8FE-49A4-BC8C-945ACD904E27}.Debug|Any CPU.ActiveCfg = Debug|Any CPU
		{432A46FC-D8FE-49A4-BC8C-945ACD904E27}.Debug|Any CPU.Build.0 = Debug|Any CPU
		{432A46FC-D8FE-49A4-BC8C-945ACD904E27}.Debug|x64.ActiveCfg = Debug|Any CPU
		{432A46FC-D8FE-49A4-BC8C-945ACD904E27}.Debug|x64.Build.0 = Debug|Any CPU
		{432A46FC-D8FE-49A4-BC8C-945ACD904E27}.Debug|x86.ActiveCfg = Debug|Any CPU
		{432A46FC-D8FE-49A4-BC8C-945ACD904E27}.Debug|x86.Build.0 = Debug|Any CPU
		{432A46FC-D8FE-49A4-BC8C-945ACD904E27}.Release|Any CPU.ActiveCfg = Release|Any CPU
		{432A46FC-D8FE-49A4-BC8C-945ACD904E27}.Release|Any CPU.Build.0 = Release|Any CPU
		{432A46FC-D8FE-49A4-BC8C-945ACD904E27}.Release|x64.ActiveCfg = Release|Any CPU
		{432A46FC-D8FE-49A4-BC8C-945ACD904E27}.Release|x64.Build.0 = Release|Any CPU
		{432A46FC-D8FE-49A4-BC8C-945ACD904E27}.Release|x86.ActiveCfg = Release|Any CPU
		{432A46FC-D8FE-49A4-BC8C-945ACD904E27}.Release|x86.Build.0 = Release|Any CPU
		{D553A8F7-2B93-4589-8872-3FBFE39297AC}.Debug|Any CPU.ActiveCfg = Debug|Any CPU
		{D553A8F7-2B93-4589-8872-3FBFE39297AC}.Debug|Any CPU.Build.0 = Debug|Any CPU
		{D553A8F7-2B93-4589-8872-3FBFE39297AC}.Debug|x64.ActiveCfg = Debug|Any CPU
		{D553A8F7-2B93-4589-8872-3FBFE39297AC}.Debug|x64.Build.0 = Debug|Any CPU
		{D553A8F7-2B93-4589-8872-3FBFE39297AC}.Debug|x86.ActiveCfg = Debug|Any CPU
		{D553A8F7-2B93-4589-8872-3FBFE39297AC}.Debug|x86.Build.0 = Debug|Any CPU
		{D553A8F7-2B93-4589-8872-3FBFE39297AC}.Release|Any CPU.ActiveCfg = Release|Any CPU
		{D553A8F7-2B93-4589-8872-3FBFE39297AC}.Release|Any CPU.Build.0 = Release|Any CPU
		{D553A8F7-2B93-4589-8872-3FBFE39297AC}.Release|x64.ActiveCfg = Release|Any CPU
		{D553A8F7-2B93-4589-8872-3FBFE39297AC}.Release|x64.Build.0 = Release|Any CPU
		{D553A8F7-2B93-4589-8872-3FBFE39297AC}.Release|x86.ActiveCfg = Release|Any CPU
		{D553A8F7-2B93-4589-8872-3FBFE39297AC}.Release|x86.Build.0 = Release|Any CPU
	EndGlobalSection
	GlobalSection(SolutionProperties) = preSolution
		HideSolutionNode = FALSE
	EndGlobalSection
	GlobalSection(NestedProjects) = preSolution
		{894CD0D1-420B-434D-B7A2-F679406C9A5E} = {7266C4A9-E384-DC00-0EB6-47F6002CFBA7}
		{F350F87E-CECE-4742-B31E-E10586C45D65} = {7266C4A9-E384-DC00-0EB6-47F6002CFBA7}
		{A874FC4B-ECE9-450D-905C-B51A35EA3C7F} = {7266C4A9-E384-DC00-0EB6-47F6002CFBA7}
		{A5A2BF5F-6803-4E5A-8882-1FBB6CBE4560} = {7266C4A9-E384-DC00-0EB6-47F6002CFBA7}
		{BC1C386A-CB90-88E7-BDCE-96282D8F538C} = {CA253913-39DE-BFD0-C9A3-4B7EC6FBDF17}
		{7167DA74-F3EC-4CE2-A488-43E3AC2B84C9} = {BC1C386A-CB90-88E7-BDCE-96282D8F538C}
		{918BBF64-2A4E-4A73-A332-CBDF4C3E7321} = {BC1C386A-CB90-88E7-BDCE-96282D8F538C}
		{236CEDC4-8963-4366-91C7-D37CB2CD3CA2} = {BC1C386A-CB90-88E7-BDCE-96282D8F538C}
		{C884BC07-A3CB-4BA3-A6C6-D3E740FA2050} = {BC1C386A-CB90-88E7-BDCE-96282D8F538C}
		{425BEAA6-092D-A12C-642A-EAB919081DD4} = {CA253913-39DE-BFD0-C9A3-4B7EC6FBDF17}
		{9ADBFEEB-0481-4675-AE1C-56516D33EEA1} = {425BEAA6-092D-A12C-642A-EAB919081DD4}
		{AAD5C391-DCA6-426A-852B-4B30FDEBA4AD} = {425BEAA6-092D-A12C-642A-EAB919081DD4}
		{0BD1B91A-DB42-4A87-8495-89F1636B99A6} = {425BEAA6-092D-A12C-642A-EAB919081DD4}
		{B1BEA329-33FA-4F48-9B18-ED2564DF730D} = {425BEAA6-092D-A12C-642A-EAB919081DD4}
		{F26485B0-4345-461E-963F-98C931027D93} = {6EDC7094-E22D-CF10-605B-B42C7FB8B0A8}
		{23B93FEB-B5A8-2F15-2A8E-118B2D8EDDD3} = {CA253913-39DE-BFD0-C9A3-4B7EC6FBDF17}
		{1B64E2E8-344A-4EB6-9F60-1AF0C931515D} = {23B93FEB-B5A8-2F15-2A8E-118B2D8EDDD3}
		{AA604D0A-71CB-4CB8-A427-7FB3E3D72515} = {23B93FEB-B5A8-2F15-2A8E-118B2D8EDDD3}
		{CC3AE589-07CC-4268-ACEF-60DA2BF92B55} = {23B93FEB-B5A8-2F15-2A8E-118B2D8EDDD3}
		{88472500-F487-4FD4-BBCC-956933292733} = {23B93FEB-B5A8-2F15-2A8E-118B2D8EDDD3}
		{A9E0C38E-91ED-4799-BD0D-F0D219488A40} = {23B93FEB-B5A8-2F15-2A8E-118B2D8EDDD3}
		{D24EB57E-0A59-43A6-83FD-DDA3C073E57D} = {23B93FEB-B5A8-2F15-2A8E-118B2D8EDDD3}
		{DDE13548-1DDD-490B-959C-53B952AAB45D} = {23B93FEB-B5A8-2F15-2A8E-118B2D8EDDD3}
		{059F3AC0-5545-46F0-98DF-9FA337E37D40} = {23B93FEB-B5A8-2F15-2A8E-118B2D8EDDD3}
		{95678328-AEF3-48A3-8874-175AE717CB7F} = {23B93FEB-B5A8-2F15-2A8E-118B2D8EDDD3}
		{6E998020-EDAB-418F-AFC5-153FC2886801} = {23B93FEB-B5A8-2F15-2A8E-118B2D8EDDD3}
		{5BD46208-DBF7-4063-8279-7B322CCFBEAE} = {23B93FEB-B5A8-2F15-2A8E-118B2D8EDDD3}
		{FBA8C726-7911-40EC-8F35-89AB9A00F4ED} = {23B93FEB-B5A8-2F15-2A8E-118B2D8EDDD3}
		{432A46FC-D8FE-49A4-BC8C-945ACD904E27} = {0AB3BF05-4346-4AA6-1389-037BE0695223}
	EndGlobalSection
EndGlobal
